
Microsoft Visual Studio Solution File, Format Version 12.00
# Visual Studio Version 17
VisualStudioVersion = 17.2.32519.379
MinimumVisualStudioVersion = 10.0.40219.1
Project("{2150E333-8FDC-42A3-9474-1A3956D46DE8}") = "BIDIM.WebApi", "BIDIM.WebApi", "{BB02C2BD-CEC5-4058-A7A9-FD948C38BFD9}"
EndProject
Project("{2150E333-8FDC-42A3-9474-1A3956D46DE8}") = "BIDIM.WebApp", "BIDIM.WebApp", "{0C1792A7-2A03-4D54-865E-45129BD9D7D4}"
EndProject
Project("{2150E333-8FDC-42A3-9474-1A3956D46DE8}") = "BIDIM.Common", "BIDIM.Common", "{CC998DB1-2A5E-4194-A6E6-D3185D327769}"
EndProject
Project("{2150E333-8FDC-42A3-9474-1A3956D46DE8}") = "BIDIM.Domain", "BIDIM.Domain", "{DADA2028-4471-413A-BBAA-06215474963E}"
EndProject
Project("{2150E333-8FDC-42A3-9474-1A3956D46DE8}") = "BIDIM.DAL", "BIDIM.DAL", "{460506A9-58AD-4D72-9E1F-FC7B1ADEDCFF}"
EndProject
Project("{2150E333-8FDC-42A3-9474-1A3956D46DE8}") = "BIDIM.Services", "BIDIM.Services", "{30E808D0-B19E-4306-8F11-60CA67817EEA}"
EndProject
Project("{2150E333-8FDC-42A3-9474-1A3956D46DE8}") = "Authentication", "Authentication", "{E53D48DC-552A-4417-B889-088BE710CA3F}"
EndProject
Project("{2150E333-8FDC-42A3-9474-1A3956D46DE8}") = "User", "User", "{BC921448-C3DB-46E6-AB10-E091A6914B8E}"
EndProject
Project("{9A19103F-16F7-4668-BE54-9A1E7A4F7556}") = "BIDIM.Common", "BIDIM.Common\BIDIM.Common.csproj", "{A6F7CD87-B625-4FF7-AF56-0E57862E02AF}"
EndProject
Project("{9A19103F-16F7-4668-BE54-9A1E7A4F7556}") = "BIDIM.DAL", "BIDIM.DAL\BIDIM.DAL.csproj", "{072080C9-61E3-4968-9DCD-BAD8533FA788}"
EndProject
Project("{9A19103F-16F7-4668-BE54-9A1E7A4F7556}") = "BIDIM.Domain", "BIDIM.Domain\BIDIM.Domain.csproj", "{7574F36B-3416-46AF-A5EB-F7D87BB0722E}"
EndProject
Project("{9A19103F-16F7-4668-BE54-9A1E7A4F7556}") = "Authentication", "BIDIM.Services\Authentication\Authentication.csproj", "{9E7214F4-1648-4CA4-BDB4-84163E9CF4CB}"
EndProject
Project("{9A19103F-16F7-4668-BE54-9A1E7A4F7556}") = "User", "BIDIM.Services\User\User.csproj", "{3C6E0E82-982A-451F-9C46-585C2D9FA968}"
EndProject
Project("{9A19103F-16F7-4668-BE54-9A1E7A4F7556}") = "BIDIM.WebApi", "BIDIM.WebApi\BIDIM.WebApi.csproj", "{5C40133D-6AEC-4F00-88B5-5F4644EDE59B}"
EndProject
Project("{2150E333-8FDC-42A3-9474-1A3956D46DE8}") = "BIDIM.TestConsole", "BIDIM.TestConsole", "{7012DB52-4172-4330-88F6-0FABDA905A80}"
EndProject
Project("{9A19103F-16F7-4668-BE54-9A1E7A4F7556}") = "BIDIM.TestConsole", "BIDIM.TestConsole\BIDIM.TestConsole.csproj", "{EF3FD8F2-28B4-4DEC-90BA-AC39E0ADE0B4}"
EndProject
Project("{2150E333-8FDC-42A3-9474-1A3956D46DE8}") = "BIDIM.IoC", "BIDIM.IoC", "{65329357-EEFC-489F-A75E-9E8CDA4ACF70}"
EndProject
Project("{9A19103F-16F7-4668-BE54-9A1E7A4F7556}") = "BIDIM.IoC", "BIDIM.IoC\BIDIM.IoC.csproj", "{0FCF5B2D-23E1-49C5-94A4-444DCDACBC4A}"
EndProject
Project("{54A90642-561A-4BB1-A94E-469ADEE60C69}") = "BIDIM.WebApp", "BIDIM.WebApp\BIDIM.WebApp.esproj", "{A5F6E0B9-BAAD-4BF0-95CF-5314B99D1810}"
EndProject
Project("{2150E333-8FDC-42A3-9474-1A3956D46DE8}") = "InfectiousDisease", "InfectiousDisease", "{4722C966-DB62-4486-A9E3-80CB6662B627}"
EndProject
Project("{9A19103F-16F7-4668-BE54-9A1E7A4F7556}") = "InfectiousDisease", "BIDIM.Services\Disease\InfectiousDisease.csproj", "{185B9915-E051-40D8-A496-323CBBB0402C}"
EndProject
Project("{2150E333-8FDC-42A3-9474-1A3956D46DE8}") = "Main", "Main", "{5131BB1C-081A-486B-9AF0-E9FA3BCA9FFF}"
EndProject
Project("{FAE04EC0-301F-11D3-BF4B-00C04F79EFBC}") = "Main", "BIDIM.Services\Main\Main.csproj", "{E068682C-32AF-4404-B9E1-5E6E7A5DE5D6}"
EndProject
Global
	GlobalSection(SolutionConfigurationPlatforms) = preSolution
		Debug|Any CPU = Debug|Any CPU
		Release|Any CPU = Release|Any CPU
	EndGlobalSection
	GlobalSection(ProjectConfigurationPlatforms) = postSolution
		{A6F7CD87-B625-4FF7-AF56-0E57862E02AF}.Debug|Any CPU.ActiveCfg = Debug|Any CPU
		{A6F7CD87-B625-4FF7-AF56-0E57862E02AF}.Debug|Any CPU.Build.0 = Debug|Any CPU
		{A6F7CD87-B625-4FF7-AF56-0E57862E02AF}.Release|Any CPU.ActiveCfg = Release|Any CPU
		{A6F7CD87-B625-4FF7-AF56-0E57862E02AF}.Release|Any CPU.Build.0 = Release|Any CPU
		{072080C9-61E3-4968-9DCD-BAD8533FA788}.Debug|Any CPU.ActiveCfg = Debug|Any CPU
		{072080C9-61E3-4968-9DCD-BAD8533FA788}.Debug|Any CPU.Build.0 = Debug|Any CPU
		{072080C9-61E3-4968-9DCD-BAD8533FA788}.Release|Any CPU.ActiveCfg = Release|Any CPU
		{072080C9-61E3-4968-9DCD-BAD8533FA788}.Release|Any CPU.Build.0 = Release|Any CPU
		{7574F36B-3416-46AF-A5EB-F7D87BB0722E}.Debug|Any CPU.ActiveCfg = Debug|Any CPU
		{7574F36B-3416-46AF-A5EB-F7D87BB0722E}.Debug|Any CPU.Build.0 = Debug|Any CPU
		{7574F36B-3416-46AF-A5EB-F7D87BB0722E}.Release|Any CPU.ActiveCfg = Release|Any CPU
		{7574F36B-3416-46AF-A5EB-F7D87BB0722E}.Release|Any CPU.Build.0 = Release|Any CPU
		{9E7214F4-1648-4CA4-BDB4-84163E9CF4CB}.Debug|Any CPU.ActiveCfg = Debug|Any CPU
		{9E7214F4-1648-4CA4-BDB4-84163E9CF4CB}.Debug|Any CPU.Build.0 = Debug|Any CPU
		{9E7214F4-1648-4CA4-BDB4-84163E9CF4CB}.Release|Any CPU.ActiveCfg = Release|Any CPU
		{9E7214F4-1648-4CA4-BDB4-84163E9CF4CB}.Release|Any CPU.Build.0 = Release|Any CPU
		{3C6E0E82-982A-451F-9C46-585C2D9FA968}.Debug|Any CPU.ActiveCfg = Debug|Any CPU
		{3C6E0E82-982A-451F-9C46-585C2D9FA968}.Debug|Any CPU.Build.0 = Debug|Any CPU
		{3C6E0E82-982A-451F-9C46-585C2D9FA968}.Release|Any CPU.ActiveCfg = Release|Any CPU
		{3C6E0E82-982A-451F-9C46-585C2D9FA968}.Release|Any CPU.Build.0 = Release|Any CPU
		{5C40133D-6AEC-4F00-88B5-5F4644EDE59B}.Debug|Any CPU.ActiveCfg = Debug|Any CPU
		{5C40133D-6AEC-4F00-88B5-5F4644EDE59B}.Debug|Any CPU.Build.0 = Debug|Any CPU
		{5C40133D-6AEC-4F00-88B5-5F4644EDE59B}.Release|Any CPU.ActiveCfg = Release|Any CPU
		{5C40133D-6AEC-4F00-88B5-5F4644EDE59B}.Release|Any CPU.Build.0 = Release|Any CPU
		{EF3FD8F2-28B4-4DEC-90BA-AC39E0ADE0B4}.Debug|Any CPU.ActiveCfg = Debug|Any CPU
		{EF3FD8F2-28B4-4DEC-90BA-AC39E0ADE0B4}.Debug|Any CPU.Build.0 = Debug|Any CPU
		{EF3FD8F2-28B4-4DEC-90BA-AC39E0ADE0B4}.Release|Any CPU.ActiveCfg = Release|Any CPU
		{EF3FD8F2-28B4-4DEC-90BA-AC39E0ADE0B4}.Release|Any CPU.Build.0 = Release|Any CPU
		{0FCF5B2D-23E1-49C5-94A4-444DCDACBC4A}.Debug|Any CPU.ActiveCfg = Debug|Any CPU
		{0FCF5B2D-23E1-49C5-94A4-444DCDACBC4A}.Debug|Any CPU.Build.0 = Debug|Any CPU
		{0FCF5B2D-23E1-49C5-94A4-444DCDACBC4A}.Release|Any CPU.ActiveCfg = Release|Any CPU
		{0FCF5B2D-23E1-49C5-94A4-444DCDACBC4A}.Release|Any CPU.Build.0 = Release|Any CPU
		{A5F6E0B9-BAAD-4BF0-95CF-5314B99D1810}.Debug|Any CPU.ActiveCfg = Debug|Any CPU
		{A5F6E0B9-BAAD-4BF0-95CF-5314B99D1810}.Debug|Any CPU.Build.0 = Debug|Any CPU
		{A5F6E0B9-BAAD-4BF0-95CF-5314B99D1810}.Debug|Any CPU.Deploy.0 = Debug|Any CPU
		{A5F6E0B9-BAAD-4BF0-95CF-5314B99D1810}.Release|Any CPU.ActiveCfg = Release|Any CPU
		{A5F6E0B9-BAAD-4BF0-95CF-5314B99D1810}.Release|Any CPU.Build.0 = Release|Any CPU
		{A5F6E0B9-BAAD-4BF0-95CF-5314B99D1810}.Release|Any CPU.Deploy.0 = Release|Any CPU
		{185B9915-E051-40D8-A496-323CBBB0402C}.Debug|Any CPU.ActiveCfg = Debug|Any CPU
		{185B9915-E051-40D8-A496-323CBBB0402C}.Debug|Any CPU.Build.0 = Debug|Any CPU
		{185B9915-E051-40D8-A496-323CBBB0402C}.Release|Any CPU.ActiveCfg = Release|Any CPU
		{185B9915-E051-40D8-A496-323CBBB0402C}.Release|Any CPU.Build.0 = Release|Any CPU
		{E068682C-32AF-4404-B9E1-5E6E7A5DE5D6}.Debug|Any CPU.ActiveCfg = Debug|Any CPU
		{E068682C-32AF-4404-B9E1-5E6E7A5DE5D6}.Debug|Any CPU.Build.0 = Debug|Any CPU
		{E068682C-32AF-4404-B9E1-5E6E7A5DE5D6}.Release|Any CPU.ActiveCfg = Release|Any CPU
		{E068682C-32AF-4404-B9E1-5E6E7A5DE5D6}.Release|Any CPU.Build.0 = Release|Any CPU
	EndGlobalSection
	GlobalSection(SolutionProperties) = preSolution
		HideSolutionNode = FALSE
	EndGlobalSection
	GlobalSection(NestedProjects) = preSolution
		{E53D48DC-552A-4417-B889-088BE710CA3F} = {30E808D0-B19E-4306-8F11-60CA67817EEA}
		{BC921448-C3DB-46E6-AB10-E091A6914B8E} = {30E808D0-B19E-4306-8F11-60CA67817EEA}
		{A6F7CD87-B625-4FF7-AF56-0E57862E02AF} = {CC998DB1-2A5E-4194-A6E6-D3185D327769}
		{072080C9-61E3-4968-9DCD-BAD8533FA788} = {460506A9-58AD-4D72-9E1F-FC7B1ADEDCFF}
		{7574F36B-3416-46AF-A5EB-F7D87BB0722E} = {DADA2028-4471-413A-BBAA-06215474963E}
		{9E7214F4-1648-4CA4-BDB4-84163E9CF4CB} = {E53D48DC-552A-4417-B889-088BE710CA3F}
		{3C6E0E82-982A-451F-9C46-585C2D9FA968} = {BC921448-C3DB-46E6-AB10-E091A6914B8E}
		{5C40133D-6AEC-4F00-88B5-5F4644EDE59B} = {BB02C2BD-CEC5-4058-A7A9-FD948C38BFD9}
		{EF3FD8F2-28B4-4DEC-90BA-AC39E0ADE0B4} = {7012DB52-4172-4330-88F6-0FABDA905A80}
		{0FCF5B2D-23E1-49C5-94A4-444DCDACBC4A} = {65329357-EEFC-489F-A75E-9E8CDA4ACF70}
		{A5F6E0B9-BAAD-4BF0-95CF-5314B99D1810} = {0C1792A7-2A03-4D54-865E-45129BD9D7D4}
		{4722C966-DB62-4486-A9E3-80CB6662B627} = {30E808D0-B19E-4306-8F11-60CA67817EEA}
		{185B9915-E051-40D8-A496-323CBBB0402C} = {4722C966-DB62-4486-A9E3-80CB6662B627}
		{5131BB1C-081A-486B-9AF0-E9FA3BCA9FFF} = {30E808D0-B19E-4306-8F11-60CA67817EEA}
		{E068682C-32AF-4404-B9E1-5E6E7A5DE5D6} = {5131BB1C-081A-486B-9AF0-E9FA3BCA9FFF}
	EndGlobalSection
	GlobalSection(ExtensibilityGlobals) = postSolution
		SolutionGuid = {D50DBA9F-0B32-4111-9BFB-58541A66DD55}
	EndGlobalSection
EndGlobal
